
Microsoft Visual Studio Solution File, Format Version 12.00
# Visual Studio Version 16
VisualStudioVersion = 16.0.30907.101
MinimumVisualStudioVersion = 10.0.40219.1
Project("{FAE04EC0-301F-11D3-BF4B-00C04F79EFBC}") = "CustomerFile", "CustomerFile\CustomerFile.csproj", "{02DB8305-4AF3-4CB1-8271-0E7087CED728}"
EndProject
Global
	GlobalSection(SolutionConfigurationPlatforms) = preSolution
		Debug|Any CPU = Debug|Any CPU
		Release|Any CPU = Release|Any CPU
	EndGlobalSection
	GlobalSection(ProjectConfigurationPlatforms) = postSolution
		{02DB8305-4AF3-4CB1-8271-0E7087CED728}.Debug|Any CPU.ActiveCfg = Debug|Any CPU
		{02DB8305-4AF3-4CB1-8271-0E7087CED728}.Debug|Any CPU.Build.0 = Debug|Any CPU
		{02DB8305-4AF3-4CB1-8271-0E7087CED728}.Release|Any CPU.ActiveCfg = Release|Any CPU
		{02DB8305-4AF3-4CB1-8271-0E7087CED728}.Release|Any CPU.Build.0 = Release|Any CPU
	EndGlobalSection
	GlobalSection(SolutionProperties) = preSolution
		HideSolutionNode = FALSE
	EndGlobalSection
	GlobalSection(ExtensibilityGlobals) = postSolution
		SolutionGuid = {3D23655F-7214-4583-8A39-480D0933C117}
	EndGlobalSection
EndGlobal
